
Microsoft Visual Studio Solution File, Format Version 12.00
# Visual Studio Version 17
VisualStudioVersion = 17.13.35931.197 d17.13
MinimumVisualStudioVersion = 10.0.40219.1
Project("{FAE04EC0-301F-11D3-BF4B-00C04F79EFBC}") = "zadanierekrutacyjne", "zadanierekrutacyjne.csproj", "{D3CF6BF2-193E-4CB8-AC7C-BFDAE42FC8CD}"
EndProject
Global
	GlobalSection(SolutionConfigurationPlatforms) = preSolution
		Debug|Any CPU = Debug|Any CPU
		Release|Any CPU = Release|Any CPU
	EndGlobalSection
	GlobalSection(ProjectConfigurationPlatforms) = postSolution
		{D3CF6BF2-193E-4CB8-AC7C-BFDAE42FC8CD}.Debug|Any CPU.ActiveCfg = Debug|Any CPU
		{D3CF6BF2-193E-4CB8-AC7C-BFDAE42FC8CD}.Debug|Any CPU.Build.0 = Debug|Any CPU
		{D3CF6BF2-193E-4CB8-AC7C-BFDAE42FC8CD}.Release|Any CPU.ActiveCfg = Release|Any CPU
		{D3CF6BF2-193E-4CB8-AC7C-BFDAE42FC8CD}.Release|Any CPU.Build.0 = Release|Any CPU
	EndGlobalSection
	GlobalSection(SolutionProperties) = preSolution
		HideSolutionNode = FALSE
	EndGlobalSection
	GlobalSection(ExtensibilityGlobals) = postSolution
		SolutionGuid = {EE566BED-E332-4859-9475-AB0103A86475}
	EndGlobalSection
EndGlobal
